// !$*UTF8*$!
{
	archiveVersion = 1;
	classes = {
	};
	objectVersion = 56;
	objects = {

/* Begin PBXBuildFile section */
		FB7EC8BD2B483D6300F91100 /* TestIPApp.swift in Sources */ = {isa = PBXBuildFile; fileRef = FB7EC8BC2B483D6300F91100 /* TestIPApp.swift */; };
		FB7EC8BF2B483D6300F91100 /* MainView.swift in Sources */ = {isa = PBXBuildFile; fileRef = FB7EC8BE2B483D6300F91100 /* MainView.swift */; };
		FB7EC8C12B483D6500F91100 /* Assets.xcassets in Resources */ = {isa = PBXBuildFile; fileRef = FB7EC8C02B483D6500F91100 /* Assets.xcassets */; };
		FB7EC8C42B483D6500F91100 /* Preview Assets.xcassets in Resources */ = {isa = PBXBuildFile; fileRef = FB7EC8C32B483D6500F91100 /* Preview Assets.xcassets */; };
		FB7EC8CD2B48541700F91100 /* LocationInfoRowView.swift in Sources */ = {isa = PBXBuildFile; fileRef = FB7EC8CC2B48541700F91100 /* LocationInfoRowView.swift */; };
		FB7EC8CF2B4857A000F91100 /* MainViewModel.swift in Sources */ = {isa = PBXBuildFile; fileRef = FB7EC8CE2B4857A000F91100 /* MainViewModel.swift */; };
		FB7EC8D22B48588100F91100 /* MainModels.swift in Sources */ = {isa = PBXBuildFile; fileRef = FB7EC8D12B48588100F91100 /* MainModels.swift */; };
		FB7EC8DA2B49CEFA00F91100 /* MapView.swift in Sources */ = {isa = PBXBuildFile; fileRef = FB7EC8D92B49CEFA00F91100 /* MapView.swift */; };
		FB7EC8E12B4B36CA00F91100 /* DataLoader.swift in Sources */ = {isa = PBXBuildFile; fileRef = FB7EC8E02B4B36CA00F91100 /* DataLoader.swift */; };
		FB7EC8E32B4B423700F91100 /* MapViewModel.swift in Sources */ = {isa = PBXBuildFile; fileRef = FB7EC8E22B4B423700F91100 /* MapViewModel.swift */; };
		FB7EC8E52B4B487B00F91100 /* MapModels.swift in Sources */ = {isa = PBXBuildFile; fileRef = FB7EC8E42B4B487B00F91100 /* MapModels.swift */; };
/* End PBXBuildFile section */

/* Begin PBXFileReference section */
		FB7EC8B92B483D6300F91100 /* TestIP.app */ = {isa = PBXFileReference; explicitFileType = wrapper.application; includeInIndex = 0; path = TestIP.app; sourceTree = BUILT_PRODUCTS_DIR; };
		FB7EC8BC2B483D6300F91100 /* TestIPApp.swift */ = {isa = PBXFileReference; lastKnownFileType = sourcecode.swift; path = TestIPApp.swift; sourceTree = "<group>"; };
		FB7EC8BE2B483D6300F91100 /* MainView.swift */ = {isa = PBXFileReference; lastKnownFileType = sourcecode.swift; path = MainView.swift; sourceTree = "<group>"; };
		FB7EC8C02B483D6500F91100 /* Assets.xcassets */ = {isa = PBXFileReference; lastKnownFileType = folder.assetcatalog; path = Assets.xcassets; sourceTree = "<group>"; };
		FB7EC8C32B483D6500F91100 /* Preview Assets.xcassets */ = {isa = PBXFileReference; lastKnownFileType = folder.assetcatalog; path = "Preview Assets.xcassets"; sourceTree = "<group>"; };
		FB7EC8CC2B48541700F91100 /* LocationInfoRowView.swift */ = {isa = PBXFileReference; lastKnownFileType = sourcecode.swift; path = LocationInfoRowView.swift; sourceTree = "<group>"; };
		FB7EC8CE2B4857A000F91100 /* MainViewModel.swift */ = {isa = PBXFileReference; lastKnownFileType = sourcecode.swift; path = MainViewModel.swift; sourceTree = "<group>"; };
		FB7EC8D12B48588100F91100 /* MainModels.swift */ = {isa = PBXFileReference; lastKnownFileType = sourcecode.swift; path = MainModels.swift; sourceTree = "<group>"; };
		FB7EC8D92B49CEFA00F91100 /* MapView.swift */ = {isa = PBXFileReference; lastKnownFileType = sourcecode.swift; path = MapView.swift; sourceTree = "<group>"; };
		FB7EC8DB2B49D23C00F91100 /* Info.plist */ = {isa = PBXFileReference; lastKnownFileType = text.plist; path = Info.plist; sourceTree = "<group>"; };
		FB7EC8E02B4B36CA00F91100 /* DataLoader.swift */ = {isa = PBXFileReference; lastKnownFileType = sourcecode.swift; path = DataLoader.swift; sourceTree = "<group>"; };
		FB7EC8E22B4B423700F91100 /* MapViewModel.swift */ = {isa = PBXFileReference; lastKnownFileType = sourcecode.swift; path = MapViewModel.swift; sourceTree = "<group>"; };
		FB7EC8E42B4B487B00F91100 /* MapModels.swift */ = {isa = PBXFileReference; lastKnownFileType = sourcecode.swift; path = MapModels.swift; sourceTree = "<group>"; };
/* End PBXFileReference section */

/* Begin PBXFrameworksBuildPhase section */
		FB7EC8B62B483D6300F91100 /* Frameworks */ = {
			isa = PBXFrameworksBuildPhase;
			buildActionMask = 2147483647;
			files = (
			);
			runOnlyForDeploymentPostprocessing = 0;
		};
/* End PBXFrameworksBuildPhase section */

/* Begin PBXGroup section */
		FB7EC8B02B483D6300F91100 = {
			isa = PBXGroup;
			children = (
				FB7EC8BB2B483D6300F91100 /* TestIP */,
				FB7EC8BA2B483D6300F91100 /* Products */,
			);
			sourceTree = "<group>";
		};
		FB7EC8BA2B483D6300F91100 /* Products */ = {
			isa = PBXGroup;
			children = (
				FB7EC8B92B483D6300F91100 /* TestIP.app */,
			);
			name = Products;
			sourceTree = "<group>";
		};
		FB7EC8BB2B483D6300F91100 /* TestIP */ = {
			isa = PBXGroup;
			children = (
				FB7EC8DB2B49D23C00F91100 /* Info.plist */,
				FB7EC8D02B48587200F91100 /* Models */,
				FB7EC8CB2B483DD700F91100 /* ViewModel */,
				FB7EC8CA2B483DD000F91100 /* View */,
				FB7EC8DF2B4B365A00F91100 /* Network */,
				FB7EC8BC2B483D6300F91100 /* TestIPApp.swift */,
				FB7EC8C02B483D6500F91100 /* Assets.xcassets */,
				FB7EC8C22B483D6500F91100 /* Preview Content */,
			);
			path = TestIP;
			sourceTree = "<group>";
		};
		FB7EC8C22B483D6500F91100 /* Preview Content */ = {
			isa = PBXGroup;
			children = (
				FB7EC8C32B483D6500F91100 /* Preview Assets.xcassets */,
			);
			path = "Preview Content";
			sourceTree = "<group>";
		};
		FB7EC8CA2B483DD000F91100 /* View */ = {
			isa = PBXGroup;
			children = (
				FB7EC8BE2B483D6300F91100 /* MainView.swift */,
				FB7EC8CC2B48541700F91100 /* LocationInfoRowView.swift */,
				FB7EC8D92B49CEFA00F91100 /* MapView.swift */,
			);
			path = View;
			sourceTree = "<group>";
		};
		FB7EC8CB2B483DD700F91100 /* ViewModel */ = {
			isa = PBXGroup;
			children = (
				FB7EC8CE2B4857A000F91100 /* MainViewModel.swift */,
				FB7EC8E22B4B423700F91100 /* MapViewModel.swift */,
			);
			path = ViewModel;
			sourceTree = "<group>";
		};
		FB7EC8D02B48587200F91100 /* Models */ = {
			isa = PBXGroup;
			children = (
				FB7EC8D12B48588100F91100 /* MainModels.swift */,
				FB7EC8E42B4B487B00F91100 /* MapModels.swift */,
			);
			path = Models;
			sourceTree = "<group>";
		};
		FB7EC8DF2B4B365A00F91100 /* Network */ = {
			isa = PBXGroup;
			children = (
				FB7EC8E02B4B36CA00F91100 /* DataLoader.swift */,
			);
			path = Network;
			sourceTree = "<group>";
		};
/* End PBXGroup section */

/* Begin PBXNativeTarget section */
		FB7EC8B82B483D6300F91100 /* TestIP */ = {
			isa = PBXNativeTarget;
			buildConfigurationList = FB7EC8C72B483D6500F91100 /* Build configuration list for PBXNativeTarget "TestIP" */;
			buildPhases = (
				FB7EC8B52B483D6300F91100 /* Sources */,
				FB7EC8B62B483D6300F91100 /* Frameworks */,
				FB7EC8B72B483D6300F91100 /* Resources */,
			);
			buildRules = (
			);
			dependencies = (
			);
			name = TestIP;
			productName = TestIP;
			productReference = FB7EC8B92B483D6300F91100 /* TestIP.app */;
			productType = "com.apple.product-type.application";
		};
/* End PBXNativeTarget section */

/* Begin PBXProject section */
		FB7EC8B12B483D6300F91100 /* Project object */ = {
			isa = PBXProject;
			attributes = {
				BuildIndependentTargetsInParallel = 1;
				LastSwiftUpdateCheck = 1510;
				LastUpgradeCheck = 1510;
				TargetAttributes = {
					FB7EC8B82B483D6300F91100 = {
						CreatedOnToolsVersion = 15.1;
					};
				};
			};
			buildConfigurationList = FB7EC8B42B483D6300F91100 /* Build configuration list for PBXProject "TestIP" */;
			compatibilityVersion = "Xcode 14.0";
			developmentRegion = en;
			hasScannedForEncodings = 0;
			knownRegions = (
				en,
				Base,
			);
			mainGroup = FB7EC8B02B483D6300F91100;
			productRefGroup = FB7EC8BA2B483D6300F91100 /* Products */;
			projectDirPath = "";
			projectRoot = "";
			targets = (
				FB7EC8B82B483D6300F91100 /* TestIP */,
			);
		};
/* End PBXProject section */

/* Begin PBXResourcesBuildPhase section */
		FB7EC8B72B483D6300F91100 /* Resources */ = {
			isa = PBXResourcesBuildPhase;
			buildActionMask = 2147483647;
			files = (
				FB7EC8C42B483D6500F91100 /* Preview Assets.xcassets in Resources */,
				FB7EC8C12B483D6500F91100 /* Assets.xcassets in Resources */,
			);
			runOnlyForDeploymentPostprocessing = 0;
		};
/* End PBXResourcesBuildPhase section */

/* Begin PBXSourcesBuildPhase section */
		FB7EC8B52B483D6300F91100 /* Sources */ = {
			isa = PBXSourcesBuildPhase;
			buildActionMask = 2147483647;
			files = (
				FB7EC8CD2B48541700F91100 /* LocationInfoRowView.swift in Sources */,
				FB7EC8DA2B49CEFA00F91100 /* MapView.swift in Sources */,
				FB7EC8E12B4B36CA00F91100 /* DataLoader.swift in Sources */,
				FB7EC8BF2B483D6300F91100 /* MainView.swift in Sources */,
				FB7EC8D22B48588100F91100 /* MainModels.swift in Sources */,
				FB7EC8E52B4B487B00F91100 /* MapModels.swift in Sources */,
				FB7EC8BD2B483D6300F91100 /* TestIPApp.swift in Sources */,
				FB7EC8CF2B4857A000F91100 /* MainViewModel.swift in Sources */,
				FB7EC8E32B4B423700F91100 /* MapViewModel.swift in Sources */,
			);
			runOnlyForDeploymentPostprocessing = 0;
		};
/* End PBXSourcesBuildPhase section */

/* Begin XCBuildConfiguration section */
		FB7EC8C52B483D6500F91100 /* Debug */ = {
			isa = XCBuildConfiguration;
			buildSettings = {
				ALWAYS_SEARCH_USER_PATHS = NO;
				ASSETCATALOG_COMPILER_GENERATE_SWIFT_ASSET_SYMBOL_EXTENSIONS = YES;
				CLANG_ANALYZER_NONNULL = YES;
				CLANG_ANALYZER_NUMBER_OBJECT_CONVERSION = YES_AGGRESSIVE;
				CLANG_CXX_LANGUAGE_STANDARD = "gnu++20";
				CLANG_ENABLE_MODULES = YES;
				CLANG_ENABLE_OBJC_ARC = YES;
				CLANG_ENABLE_OBJC_WEAK = YES;
				CLANG_WARN_BLOCK_CAPTURE_AUTORELEASING = YES;
				CLANG_WARN_BOOL_CONVERSION = YES;
				CLANG_WARN_COMMA = YES;
				CLANG_WARN_CONSTANT_CONVERSION = YES;
				CLANG_WARN_DEPRECATED_OBJC_IMPLEMENTATIONS = YES;
				CLANG_WARN_DIRECT_OBJC_ISA_USAGE = YES_ERROR;
				CLANG_WARN_DOCUMENTATION_COMMENTS = YES;
				CLANG_WARN_EMPTY_BODY = YES;
				CLANG_WARN_ENUM_CONVERSION = YES;
				CLANG_WARN_INFINITE_RECURSION = YES;
				CLANG_WARN_INT_CONVERSION = YES;
				CLANG_WARN_NON_LITERAL_NULL_CONVERSION = YES;
				CLANG_WARN_OBJC_IMPLICIT_RETAIN_SELF = YES;
				CLANG_WARN_OBJC_LITERAL_CONVERSION = YES;
				CLANG_WARN_OBJC_ROOT_CLASS = YES_ERROR;
				CLANG_WARN_QUOTED_INCLUDE_IN_FRAMEWORK_HEADER = YES;
				CLANG_WARN_RANGE_LOOP_ANALYSIS = YES;
				CLANG_WARN_STRICT_PROTOTYPES = YES;
				CLANG_WARN_SUSPICIOUS_MOVE = YES;
				CLANG_WARN_UNGUARDED_AVAILABILITY = YES_AGGRESSIVE;
				CLANG_WARN_UNREACHABLE_CODE = YES;
				CLANG_WARN__DUPLICATE_METHOD_MATCH = YES;
				COPY_PHASE_STRIP = NO;
				DEBUG_INFORMATION_FORMAT = dwarf;
				ENABLE_STRICT_OBJC_MSGSEND = YES;
				ENABLE_TESTABILITY = YES;
				ENABLE_USER_SCRIPT_SANDBOXING = YES;
				GCC_C_LANGUAGE_STANDARD = gnu17;
				GCC_DYNAMIC_NO_PIC = NO;
				GCC_NO_COMMON_BLOCKS = YES;
				GCC_OPTIMIZATION_LEVEL = 0;
				GCC_PREPROCESSOR_DEFINITIONS = (
					"DEBUG=1",
					"$(inherited)",
				);
				GCC_WARN_64_TO_32_BIT_CONVERSION = YES;
				GCC_WARN_ABOUT_RETURN_TYPE = YES_ERROR;
				GCC_WARN_UNDECLARED_SELECTOR = YES;
				GCC_WARN_UNINITIALIZED_AUTOS = YES_AGGRESSIVE;
				GCC_WARN_UNUSED_FUNCTION = YES;
				GCC_WARN_UNUSED_VARIABLE = YES;
				IPHONEOS_DEPLOYMENT_TARGET = 17.2;
				LOCALIZATION_PREFERS_STRING_CATALOGS = YES;
				MTL_ENABLE_DEBUG_INFO = INCLUDE_SOURCE;
				MTL_FAST_MATH = YES;
				ONLY_ACTIVE_ARCH = YES;
				SDKROOT = iphoneos;
				SWIFT_ACTIVE_COMPILATION_CONDITIONS = "DEBUG $(inherited)";
				SWIFT_OPTIMIZATION_LEVEL = "-Onone";
			};
			name = Debug;
		};
		FB7EC8C62B483D6500F91100 /* Release */ = {
			isa = XCBuildConfiguration;
			buildSettings = {
				ALWAYS_SEARCH_USER_PATHS = NO;
				ASSETCATALOG_COMPILER_GENERATE_SWIFT_ASSET_SYMBOL_EXTENSIONS = YES;
				CLANG_ANALYZER_NONNULL = YES;
				CLANG_ANALYZER_NUMBER_OBJECT_CONVERSION = YES_AGGRESSIVE;
				CLANG_CXX_LANGUAGE_STANDARD = "gnu++20";
				CLANG_ENABLE_MODULES = YES;
				CLANG_ENABLE_OBJC_ARC = YES;
				CLANG_ENABLE_OBJC_WEAK = YES;
				CLANG_WARN_BLOCK_CAPTURE_AUTORELEASING = YES;
				CLANG_WARN_BOOL_CONVERSION = YES;
				CLANG_WARN_COMMA = YES;
				CLANG_WARN_CONSTANT_CONVERSION = YES;
				CLANG_WARN_DEPRECATED_OBJC_IMPLEMENTATIONS = YES;
				CLANG_WARN_DIRECT_OBJC_ISA_USAGE = YES_ERROR;
				CLANG_WARN_DOCUMENTATION_COMMENTS = YES;
				CLANG_WARN_EMPTY_BODY = YES;
				CLANG_WARN_ENUM_CONVERSION = YES;
				CLANG_WARN_INFINITE_RECURSION = YES;
				CLANG_WARN_INT_CONVERSION = YES;
				CLANG_WARN_NON_LITERAL_NULL_CONVERSION = YES;
				CLANG_WARN_OBJC_IMPLICIT_RETAIN_SELF = YES;
				CLANG_WARN_OBJC_LITERAL_CONVERSION = YES;
				CLANG_WARN_OBJC_ROOT_CLASS = YES_ERROR;
				CLANG_WARN_QUOTED_INCLUDE_IN_FRAMEWORK_HEADER = YES;
				CLANG_WARN_RANGE_LOOP_ANALYSIS = YES;
				CLANG_WARN_STRICT_PROTOTYPES = YES;
				CLANG_WARN_SUSPICIOUS_MOVE = YES;
				CLANG_WARN_UNGUARDED_AVAILABILITY = YES_AGGRESSIVE;
				CLANG_WARN_UNREACHABLE_CODE = YES;
				CLANG_WARN__DUPLICATE_METHOD_MATCH = YES;
				COPY_PHASE_STRIP = NO;
				DEBUG_INFORMATION_FORMAT = "dwarf-with-dsym";
				ENABLE_NS_ASSERTIONS = NO;
				ENABLE_STRICT_OBJC_MSGSEND = YES;
				ENABLE_USER_SCRIPT_SANDBOXING = YES;
				GCC_C_LANGUAGE_STANDARD = gnu17;
				GCC_NO_COMMON_BLOCKS = YES;
				GCC_WARN_64_TO_32_BIT_CONVERSION = YES;
				GCC_WARN_ABOUT_RETURN_TYPE = YES_ERROR;
				GCC_WARN_UNDECLARED_SELECTOR = YES;
				GCC_WARN_UNINITIALIZED_AUTOS = YES_AGGRESSIVE;
				GCC_WARN_UNUSED_FUNCTION = YES;
				GCC_WARN_UNUSED_VARIABLE = YES;
				IPHONEOS_DEPLOYMENT_TARGET = 17.2;
				LOCALIZATION_PREFERS_STRING_CATALOGS = YES;
				MTL_ENABLE_DEBUG_INFO = NO;
				MTL_FAST_MATH = YES;
				SDKROOT = iphoneos;
				SWIFT_COMPILATION_MODE = wholemodule;
				VALIDATE_PRODUCT = YES;
			};
			name = Release;
		};
		FB7EC8C82B483D6500F91100 /* Debug */ = {
			isa = XCBuildConfiguration;
			buildSettings = {
				ASSETCATALOG_COMPILER_APPICON_NAME = AppIcon;
				ASSETCATALOG_COMPILER_GLOBAL_ACCENT_COLOR_NAME = AccentColor;
				CODE_SIGN_STYLE = Automatic;
				CURRENT_PROJECT_VERSION = 1;
				DEVELOPMENT_ASSET_PATHS = "\"TestIP/Preview Content\"";
				DEVELOPMENT_TEAM = 7RPF63RTD7;
				ENABLE_PREVIEWS = YES;
				GENERATE_INFOPLIST_FILE = YES;
				INFOPLIST_FILE = TestIP/Info.plist;
				INFOPLIST_KEY_NSLocationAlwaysUsageDescription = Need;
				INFOPLIST_KEY_NSLocationWhenInUseUsageDescription = Need;
				INFOPLIST_KEY_UIApplicationSceneManifest_Generation = YES;
				INFOPLIST_KEY_UIApplicationSupportsIndirectInputEvents = YES;
				INFOPLIST_KEY_UILaunchScreen_Generation = YES;
				INFOPLIST_KEY_UISupportedInterfaceOrientations = UIInterfaceOrientationPortrait;
				IPHONEOS_DEPLOYMENT_TARGET = 15.0;
				LD_RUNPATH_SEARCH_PATHS = (
					"$(inherited)",
					"@executable_path/Frameworks",
				);
				MARKETING_VERSION = 1.0;
				PRODUCT_BUNDLE_IDENTIFIER = lukashuk.TestIP;
				PRODUCT_NAME = "$(TARGET_NAME)";
				SUPPORTED_PLATFORMS = "iphoneos iphonesimulator";
				SUPPORTS_MACCATALYST = NO;
				SUPPORTS_MAC_DESIGNED_FOR_IPHONE_IPAD = NO;
				SWIFT_EMIT_LOC_STRINGS = YES;
				SWIFT_VERSION = 5.0;
				TARGETED_DEVICE_FAMILY = 1;
			};
			name = Debug;
		};
		FB7EC8C92B483D6500F91100 /* Release */ = {
			isa = XCBuildConfiguration;
			buildSettings = {
				ASSETCATALOG_COMPILER_APPICON_NAME = AppIcon;
				ASSETCATALOG_COMPILER_GLOBAL_ACCENT_COLOR_NAME = AccentColor;
				CODE_SIGN_STYLE = Automatic;
				CURRENT_PROJECT_VERSION = 1;
				DEVELOPMENT_ASSET_PATHS = "\"TestIP/Preview Content\"";
				DEVELOPMENT_TEAM = 7RPF63RTD7;
				ENABLE_PREVIEWS = YES;
				GENERATE_INFOPLIST_FILE = YES;
				INFOPLIST_FILE = TestIP/Info.plist;
				INFOPLIST_KEY_NSLocationAlwaysUsageDescription = Need;
				INFOPLIST_KEY_NSLocationWhenInUseUsageDescription = Need;
				INFOPLIST_KEY_UIApplicationSceneManifest_Generation = YES;
				INFOPLIST_KEY_UIApplicationSupportsIndirectInputEvents = YES;
				INFOPLIST_KEY_UILaunchScreen_Generation = YES;
				INFOPLIST_KEY_UISupportedInterfaceOrientations = UIInterfaceOrientationPortrait;
				IPHONEOS_DEPLOYMENT_TARGET = 15.0;
				LD_RUNPATH_SEARCH_PATHS = (
					"$(inherited)",
					"@executable_path/Frameworks",
				);
				MARKETING_VERSION = 1.0;
				PRODUCT_BUNDLE_IDENTIFIER = lukashuk.TestIP;
				PRODUCT_NAME = "$(TARGET_NAME)";
				SUPPORTED_PLATFORMS = "iphoneos iphonesimulator";
				SUPPORTS_MACCATALYST = NO;
				SUPPORTS_MAC_DESIGNED_FOR_IPHONE_IPAD = NO;
				SWIFT_EMIT_LOC_STRINGS = YES;
				SWIFT_VERSION = 5.0;
				TARGETED_DEVICE_FAMILY = 1;
			};
			name = Release;
		};
/* End XCBuildConfiguration section */

/* Begin XCConfigurationList section */
		FB7EC8B42B483D6300F91100 /* Build configuration list for PBXProject "TestIP" */ = {
			isa = XCConfigurationList;
			buildConfigurations = (
				FB7EC8C52B483D6500F91100 /* Debug */,
				FB7EC8C62B483D6500F91100 /* Release */,
			);
			defaultConfigurationIsVisible = 0;
			defaultConfigurationName = Release;
		};
		FB7EC8C72B483D6500F91100 /* Build configuration list for PBXNativeTarget "TestIP" */ = {
			isa = XCConfigurationList;
			buildConfigurations = (
				FB7EC8C82B483D6500F91100 /* Debug */,
				FB7EC8C92B483D6500F91100 /* Release */,
			);
			defaultConfigurationIsVisible = 0;
			defaultConfigurationName = Release;
		};
/* End XCConfigurationList section */
	};
	rootObject = FB7EC8B12B483D6300F91100 /* Project object */;
}
